
Microsoft Visual Studio Solution File, Format Version 12.00
# Visual Studio 2012
Project("{FAE04EC0-301F-11D3-BF4B-00C04F79EFBC}") = "textura", "textura\textura.csproj", "{08F7BB8E-8A6B-40BC-8CEC-0BE0B03958CC}"
EndProject
Global
	GlobalSection(SolutionConfigurationPlatforms) = preSolution
		Debug|Any CPU = Debug|Any CPU
		Release|Any CPU = Release|Any CPU
	EndGlobalSection
	GlobalSection(ProjectConfigurationPlatforms) = postSolution
		{08F7BB8E-8A6B-40BC-8CEC-0BE0B03958CC}.Debug|Any CPU.ActiveCfg = Debug|Any CPU
		{08F7BB8E-8A6B-40BC-8CEC-0BE0B03958CC}.Debug|Any CPU.Build.0 = Debug|Any CPU
		{08F7BB8E-8A6B-40BC-8CEC-0BE0B03958CC}.Release|Any CPU.ActiveCfg = Release|Any CPU
		{08F7BB8E-8A6B-40BC-8CEC-0BE0B03958CC}.Release|Any CPU.Build.0 = Release|Any CPU
	EndGlobalSection
	GlobalSection(SolutionProperties) = preSolution
		HideSolutionNode = FALSE
	EndGlobalSection
EndGlobal
